
Microsoft Visual Studio Solution File, Format Version 12.00
# Visual Studio 15
VisualStudioVersion = 15.0.28307.136
MinimumVisualStudioVersion = 10.0.40219.1
Project("{FAE04EC0-301F-11D3-BF4B-00C04F79EFBC}") = "CreatingAndStartingTasks", "CreatingAndStartingTasks\CreatingAndStartingTasks.csproj", "{3C8CE853-F156-4812-BD39-4DB5D8D992F7}"
EndProject
Project("{FAE04EC0-301F-11D3-BF4B-00C04F79EFBC}") = "CancellingTasks", "CancellingTasks\CancellingTasks.csproj", "{92AD2897-BFB1-4F0E-8D6B-E89C42FA26AC}"
EndProject
Project("{FAE04EC0-301F-11D3-BF4B-00C04F79EFBC}") = "WaitingForTime", "WaitingForTIme\WaitingForTime.csproj", "{A2160B13-2CBD-4562-8FE9-15012224D6CB}"
EndProject
Project("{FAE04EC0-301F-11D3-BF4B-00C04F79EFBC}") = "WaitingForTasks", "WaitingForTasks\WaitingForTasks.csproj", "{0225F8C8-AC9E-4E9E-9561-85ACE07E5806}"
EndProject
Project("{FAE04EC0-301F-11D3-BF4B-00C04F79EFBC}") = "HandlingExceptions", "HandlingExceptions\HandlingExceptions.csproj", "{88A2D4DE-FCA0-4F45-9085-DA2D279EF48F}"
EndProject
Project("{2150E333-8FDC-42A3-9474-1A3956D46DE8}") = "TaskProgramming", "TaskProgramming", "{DD2CCD9D-A4D6-4AF7-AF1F-E8672A8D77DD}"
EndProject
Project("{2150E333-8FDC-42A3-9474-1A3956D46DE8}") = "DataSharingAndSync", "DataSharingAndSync", "{6EBFFCEE-1DF4-47AA-A9A9-8B24573F1826}"
EndProject
Project("{FAE04EC0-301F-11D3-BF4B-00C04F79EFBC}") = "CriticalSections", "CriticalSections\CriticalSections.csproj", "{C2A1229C-BD04-4E96-9EA1-5C0BDE2ED9D9}"
EndProject
Project("{FAE04EC0-301F-11D3-BF4B-00C04F79EFBC}") = "Common", "Common\Common.csproj", "{5839DEC5-2AD4-4859-9D83-1FBD8F3086CC}"
EndProject
Project("{FAE04EC0-301F-11D3-BF4B-00C04F79EFBC}") = "Interlocking", "Interlocking\Interlocking.csproj", "{2462D03E-66BF-4741-918D-0B8D5668101F}"
EndProject
Project("{FAE04EC0-301F-11D3-BF4B-00C04F79EFBC}") = "Monitor", "Monitor\Monitor.csproj", "{C1EBAEC1-2D7B-4B48-A942-E44C854B2B50}"
EndProject
Project("{FAE04EC0-301F-11D3-BF4B-00C04F79EFBC}") = "SpinLocking", "SpinLocking\SpinLocking.csproj", "{11B5BD24-9D74-4BBE-A71E-0FBB1529B71F}"
EndProject
Project("{FAE04EC0-301F-11D3-BF4B-00C04F79EFBC}") = "Mutex", "Mutex\Mutex.csproj", "{40C31E02-0891-4C4D-9023-E693880D8219}"
EndProject
Project("{FAE04EC0-301F-11D3-BF4B-00C04F79EFBC}") = "Locking", "Locking\Locking.csproj", "{6FDAE37A-2A2A-4141-927E-135D182D1D4F}"
EndProject
Project("{FAE04EC0-301F-11D3-BF4B-00C04F79EFBC}") = "ReaderWriterLock", "ReaderWriterLock\ReaderWriterLock.csproj", "{AAA7F999-9BAE-4953-AD56-5F9911C77B14}"
EndProject
Project("{2150E333-8FDC-42A3-9474-1A3956D46DE8}") = "ConcurrentCollections", "ConcurrentCollections", "{6F8938D3-B43F-4C6F-896E-ED9E839BC512}"
EndProject
Project("{FAE04EC0-301F-11D3-BF4B-00C04F79EFBC}") = "ConcurrentCollections", "ConcurrentCollections\ConcurrentCollections.csproj", "{FCF91F4D-12E2-44FE-83E4-AE6FE74369E7}"
EndProject
Project("{2150E333-8FDC-42A3-9474-1A3956D46DE8}") = "TaskCoordination", "TaskCoordination", "{98B70080-1D64-4A6E-93F9-5791EF11929C}"
EndProject
Project("{FAE04EC0-301F-11D3-BF4B-00C04F79EFBC}") = "TaskContinuation", "TaskContinuation\TaskContinuation.csproj", "{4E48F1BB-9EA1-4E7B-94F9-72BBF727ABD0}"
EndProject
Project("{FAE04EC0-301F-11D3-BF4B-00C04F79EFBC}") = "ChildTasks", "ChildTasks\ChildTasks.csproj", "{B7F44746-6CAB-442D-9C4C-0CB2C0109B58}"
EndProject
Project("{FAE04EC0-301F-11D3-BF4B-00C04F79EFBC}") = "Barriers", "Barrier\Barriers.csproj", "{D9F3E6E7-638C-4525-A2F6-60E520BB78AF}"
EndProject
Project("{FAE04EC0-301F-11D3-BF4B-00C04F79EFBC}") = "CountdownEvents", "CountdownEvents\CountdownEvents.csproj", "{A2675160-EBDA-4047-9C86-B150DE9E85C6}"
EndProject
Project("{FAE04EC0-301F-11D3-BF4B-00C04F79EFBC}") = "ManualAndAutoResetEvents", "ManualAndAutoResetEvents\ManualAndAutoResetEvents.csproj", "{CA9653E8-5BFE-4A36-BDDA-4717A7ED5FD1}"
EndProject
Project("{FAE04EC0-301F-11D3-BF4B-00C04F79EFBC}") = "SemaphoreSlims", "SemaphoreSlims\SemaphoreSlims.csproj", "{77FAD65B-A128-403C-895E-F0345854973A}"
EndProject
Project("{2150E333-8FDC-42A3-9474-1A3956D46DE8}") = "AsynchronousProgramming", "AsynchronousProgramming", "{94AAF6FB-15AB-40A2-B3CD-6F002A12CF15}"
EndProject
Project("{FAE04EC0-301F-11D3-BF4B-00C04F79EFBC}") = "WpfGuiBlocking", "WpfGuiBlocking\WpfGuiBlocking.csproj", "{F326269F-E733-49FD-9154-6784D9029C33}"
EndProject
Project("{FAE04EC0-301F-11D3-BF4B-00C04F79EFBC}") = "WpfGuiWithContinue", "WpfGuiWithContinue\WpfGuiWithContinue.csproj", "{750761D2-1CF7-4DDC-ABC0-8A4F7FB2A4F5}"
EndProject
Project("{FAE04EC0-301F-11D3-BF4B-00C04F79EFBC}") = "WpfGuiWithAsync", "WpfGuiWithAsync\WpfGuiWithAsync.csproj", "{C6F41750-E9FB-444F-9F1E-F78B8C13626E}"
EndProject
Project("{FAE04EC0-301F-11D3-BF4B-00C04F79EFBC}") = "WpfGuiDispatcher", "WpfGuiDispatcher\WpfGuiDispatcher.csproj", "{1896E463-6C4B-47BD-ADF6-63A63CE1E782}"
EndProject
Global
	GlobalSection(SolutionConfigurationPlatforms) = preSolution
		Debug|Any CPU = Debug|Any CPU
		Release|Any CPU = Release|Any CPU
	EndGlobalSection
	GlobalSection(ProjectConfigurationPlatforms) = postSolution
		{3C8CE853-F156-4812-BD39-4DB5D8D992F7}.Debug|Any CPU.ActiveCfg = Debug|Any CPU
		{3C8CE853-F156-4812-BD39-4DB5D8D992F7}.Debug|Any CPU.Build.0 = Debug|Any CPU
		{3C8CE853-F156-4812-BD39-4DB5D8D992F7}.Release|Any CPU.ActiveCfg = Release|Any CPU
		{3C8CE853-F156-4812-BD39-4DB5D8D992F7}.Release|Any CPU.Build.0 = Release|Any CPU
		{92AD2897-BFB1-4F0E-8D6B-E89C42FA26AC}.Debug|Any CPU.ActiveCfg = Debug|Any CPU
		{92AD2897-BFB1-4F0E-8D6B-E89C42FA26AC}.Debug|Any CPU.Build.0 = Debug|Any CPU
		{92AD2897-BFB1-4F0E-8D6B-E89C42FA26AC}.Release|Any CPU.ActiveCfg = Release|Any CPU
		{92AD2897-BFB1-4F0E-8D6B-E89C42FA26AC}.Release|Any CPU.Build.0 = Release|Any CPU
		{A2160B13-2CBD-4562-8FE9-15012224D6CB}.Debug|Any CPU.ActiveCfg = Debug|Any CPU
		{A2160B13-2CBD-4562-8FE9-15012224D6CB}.Debug|Any CPU.Build.0 = Debug|Any CPU
		{A2160B13-2CBD-4562-8FE9-15012224D6CB}.Release|Any CPU.ActiveCfg = Release|Any CPU
		{A2160B13-2CBD-4562-8FE9-15012224D6CB}.Release|Any CPU.Build.0 = Release|Any CPU
		{0225F8C8-AC9E-4E9E-9561-85ACE07E5806}.Debug|Any CPU.ActiveCfg = Debug|Any CPU
		{0225F8C8-AC9E-4E9E-9561-85ACE07E5806}.Debug|Any CPU.Build.0 = Debug|Any CPU
		{0225F8C8-AC9E-4E9E-9561-85ACE07E5806}.Release|Any CPU.ActiveCfg = Release|Any CPU
		{0225F8C8-AC9E-4E9E-9561-85ACE07E5806}.Release|Any CPU.Build.0 = Release|Any CPU
		{88A2D4DE-FCA0-4F45-9085-DA2D279EF48F}.Debug|Any CPU.ActiveCfg = Debug|Any CPU
		{88A2D4DE-FCA0-4F45-9085-DA2D279EF48F}.Debug|Any CPU.Build.0 = Debug|Any CPU
		{88A2D4DE-FCA0-4F45-9085-DA2D279EF48F}.Release|Any CPU.ActiveCfg = Release|Any CPU
		{88A2D4DE-FCA0-4F45-9085-DA2D279EF48F}.Release|Any CPU.Build.0 = Release|Any CPU
		{C2A1229C-BD04-4E96-9EA1-5C0BDE2ED9D9}.Debug|Any CPU.ActiveCfg = Debug|Any CPU
		{C2A1229C-BD04-4E96-9EA1-5C0BDE2ED9D9}.Debug|Any CPU.Build.0 = Debug|Any CPU
		{C2A1229C-BD04-4E96-9EA1-5C0BDE2ED9D9}.Release|Any CPU.ActiveCfg = Release|Any CPU
		{C2A1229C-BD04-4E96-9EA1-5C0BDE2ED9D9}.Release|Any CPU.Build.0 = Release|Any CPU
		{5839DEC5-2AD4-4859-9D83-1FBD8F3086CC}.Debug|Any CPU.ActiveCfg = Debug|Any CPU
		{5839DEC5-2AD4-4859-9D83-1FBD8F3086CC}.Debug|Any CPU.Build.0 = Debug|Any CPU
		{5839DEC5-2AD4-4859-9D83-1FBD8F3086CC}.Release|Any CPU.ActiveCfg = Release|Any CPU
		{5839DEC5-2AD4-4859-9D83-1FBD8F3086CC}.Release|Any CPU.Build.0 = Release|Any CPU
		{2462D03E-66BF-4741-918D-0B8D5668101F}.Debug|Any CPU.ActiveCfg = Debug|Any CPU
		{2462D03E-66BF-4741-918D-0B8D5668101F}.Debug|Any CPU.Build.0 = Debug|Any CPU
		{2462D03E-66BF-4741-918D-0B8D5668101F}.Release|Any CPU.ActiveCfg = Release|Any CPU
		{2462D03E-66BF-4741-918D-0B8D5668101F}.Release|Any CPU.Build.0 = Release|Any CPU
		{C1EBAEC1-2D7B-4B48-A942-E44C854B2B50}.Debug|Any CPU.ActiveCfg = Debug|Any CPU
		{C1EBAEC1-2D7B-4B48-A942-E44C854B2B50}.Debug|Any CPU.Build.0 = Debug|Any CPU
		{C1EBAEC1-2D7B-4B48-A942-E44C854B2B50}.Release|Any CPU.ActiveCfg = Release|Any CPU
		{C1EBAEC1-2D7B-4B48-A942-E44C854B2B50}.Release|Any CPU.Build.0 = Release|Any CPU
		{11B5BD24-9D74-4BBE-A71E-0FBB1529B71F}.Debug|Any CPU.ActiveCfg = Debug|Any CPU
		{11B5BD24-9D74-4BBE-A71E-0FBB1529B71F}.Debug|Any CPU.Build.0 = Debug|Any CPU
		{11B5BD24-9D74-4BBE-A71E-0FBB1529B71F}.Release|Any CPU.ActiveCfg = Release|Any CPU
		{11B5BD24-9D74-4BBE-A71E-0FBB1529B71F}.Release|Any CPU.Build.0 = Release|Any CPU
		{40C31E02-0891-4C4D-9023-E693880D8219}.Debug|Any CPU.ActiveCfg = Debug|Any CPU
		{40C31E02-0891-4C4D-9023-E693880D8219}.Debug|Any CPU.Build.0 = Debug|Any CPU
		{40C31E02-0891-4C4D-9023-E693880D8219}.Release|Any CPU.ActiveCfg = Release|Any CPU
		{40C31E02-0891-4C4D-9023-E693880D8219}.Release|Any CPU.Build.0 = Release|Any CPU
		{6FDAE37A-2A2A-4141-927E-135D182D1D4F}.Debug|Any CPU.ActiveCfg = Debug|Any CPU
		{6FDAE37A-2A2A-4141-927E-135D182D1D4F}.Debug|Any CPU.Build.0 = Debug|Any CPU
		{6FDAE37A-2A2A-4141-927E-135D182D1D4F}.Release|Any CPU.ActiveCfg = Release|Any CPU
		{6FDAE37A-2A2A-4141-927E-135D182D1D4F}.Release|Any CPU.Build.0 = Release|Any CPU
		{AAA7F999-9BAE-4953-AD56-5F9911C77B14}.Debug|Any CPU.ActiveCfg = Debug|Any CPU
		{AAA7F999-9BAE-4953-AD56-5F9911C77B14}.Debug|Any CPU.Build.0 = Debug|Any CPU
		{AAA7F999-9BAE-4953-AD56-5F9911C77B14}.Release|Any CPU.ActiveCfg = Release|Any CPU
		{AAA7F999-9BAE-4953-AD56-5F9911C77B14}.Release|Any CPU.Build.0 = Release|Any CPU
		{FCF91F4D-12E2-44FE-83E4-AE6FE74369E7}.Debug|Any CPU.ActiveCfg = Debug|Any CPU
		{FCF91F4D-12E2-44FE-83E4-AE6FE74369E7}.Debug|Any CPU.Build.0 = Debug|Any CPU
		{FCF91F4D-12E2-44FE-83E4-AE6FE74369E7}.Release|Any CPU.ActiveCfg = Release|Any CPU
		{FCF91F4D-12E2-44FE-83E4-AE6FE74369E7}.Release|Any CPU.Build.0 = Release|Any CPU
		{4E48F1BB-9EA1-4E7B-94F9-72BBF727ABD0}.Debug|Any CPU.ActiveCfg = Debug|Any CPU
		{4E48F1BB-9EA1-4E7B-94F9-72BBF727ABD0}.Debug|Any CPU.Build.0 = Debug|Any CPU
		{4E48F1BB-9EA1-4E7B-94F9-72BBF727ABD0}.Release|Any CPU.ActiveCfg = Release|Any CPU
		{4E48F1BB-9EA1-4E7B-94F9-72BBF727ABD0}.Release|Any CPU.Build.0 = Release|Any CPU
		{B7F44746-6CAB-442D-9C4C-0CB2C0109B58}.Debug|Any CPU.ActiveCfg = Debug|Any CPU
		{B7F44746-6CAB-442D-9C4C-0CB2C0109B58}.Debug|Any CPU.Build.0 = Debug|Any CPU
		{B7F44746-6CAB-442D-9C4C-0CB2C0109B58}.Release|Any CPU.ActiveCfg = Release|Any CPU
		{B7F44746-6CAB-442D-9C4C-0CB2C0109B58}.Release|Any CPU.Build.0 = Release|Any CPU
		{D9F3E6E7-638C-4525-A2F6-60E520BB78AF}.Debug|Any CPU.ActiveCfg = Debug|Any CPU
		{D9F3E6E7-638C-4525-A2F6-60E520BB78AF}.Debug|Any CPU.Build.0 = Debug|Any CPU
		{D9F3E6E7-638C-4525-A2F6-60E520BB78AF}.Release|Any CPU.ActiveCfg = Release|Any CPU
		{D9F3E6E7-638C-4525-A2F6-60E520BB78AF}.Release|Any CPU.Build.0 = Release|Any CPU
		{A2675160-EBDA-4047-9C86-B150DE9E85C6}.Debug|Any CPU.ActiveCfg = Debug|Any CPU
		{A2675160-EBDA-4047-9C86-B150DE9E85C6}.Debug|Any CPU.Build.0 = Debug|Any CPU
		{A2675160-EBDA-4047-9C86-B150DE9E85C6}.Release|Any CPU.ActiveCfg = Release|Any CPU
		{A2675160-EBDA-4047-9C86-B150DE9E85C6}.Release|Any CPU.Build.0 = Release|Any CPU
		{CA9653E8-5BFE-4A36-BDDA-4717A7ED5FD1}.Debug|Any CPU.ActiveCfg = Debug|Any CPU
		{CA9653E8-5BFE-4A36-BDDA-4717A7ED5FD1}.Debug|Any CPU.Build.0 = Debug|Any CPU
		{CA9653E8-5BFE-4A36-BDDA-4717A7ED5FD1}.Release|Any CPU.ActiveCfg = Release|Any CPU
		{CA9653E8-5BFE-4A36-BDDA-4717A7ED5FD1}.Release|Any CPU.Build.0 = Release|Any CPU
		{77FAD65B-A128-403C-895E-F0345854973A}.Debug|Any CPU.ActiveCfg = Debug|Any CPU
		{77FAD65B-A128-403C-895E-F0345854973A}.Debug|Any CPU.Build.0 = Debug|Any CPU
		{77FAD65B-A128-403C-895E-F0345854973A}.Release|Any CPU.ActiveCfg = Release|Any CPU
		{77FAD65B-A128-403C-895E-F0345854973A}.Release|Any CPU.Build.0 = Release|Any CPU
		{F326269F-E733-49FD-9154-6784D9029C33}.Debug|Any CPU.ActiveCfg = Debug|Any CPU
		{F326269F-E733-49FD-9154-6784D9029C33}.Debug|Any CPU.Build.0 = Debug|Any CPU
		{F326269F-E733-49FD-9154-6784D9029C33}.Release|Any CPU.ActiveCfg = Release|Any CPU
		{F326269F-E733-49FD-9154-6784D9029C33}.Release|Any CPU.Build.0 = Release|Any CPU
		{750761D2-1CF7-4DDC-ABC0-8A4F7FB2A4F5}.Debug|Any CPU.ActiveCfg = Debug|Any CPU
		{750761D2-1CF7-4DDC-ABC0-8A4F7FB2A4F5}.Debug|Any CPU.Build.0 = Debug|Any CPU
		{750761D2-1CF7-4DDC-ABC0-8A4F7FB2A4F5}.Release|Any CPU.ActiveCfg = Release|Any CPU
		{750761D2-1CF7-4DDC-ABC0-8A4F7FB2A4F5}.Release|Any CPU.Build.0 = Release|Any CPU
		{C6F41750-E9FB-444F-9F1E-F78B8C13626E}.Debug|Any CPU.ActiveCfg = Debug|Any CPU
		{C6F41750-E9FB-444F-9F1E-F78B8C13626E}.Debug|Any CPU.Build.0 = Debug|Any CPU
		{C6F41750-E9FB-444F-9F1E-F78B8C13626E}.Release|Any CPU.ActiveCfg = Release|Any CPU
		{C6F41750-E9FB-444F-9F1E-F78B8C13626E}.Release|Any CPU.Build.0 = Release|Any CPU
		{1896E463-6C4B-47BD-ADF6-63A63CE1E782}.Debug|Any CPU.ActiveCfg = Debug|Any CPU
		{1896E463-6C4B-47BD-ADF6-63A63CE1E782}.Debug|Any CPU.Build.0 = Debug|Any CPU
		{1896E463-6C4B-47BD-ADF6-63A63CE1E782}.Release|Any CPU.ActiveCfg = Release|Any CPU
		{1896E463-6C4B-47BD-ADF6-63A63CE1E782}.Release|Any CPU.Build.0 = Release|Any CPU
	EndGlobalSection
	GlobalSection(SolutionProperties) = preSolution
		HideSolutionNode = FALSE
	EndGlobalSection
	GlobalSection(NestedProjects) = preSolution
		{3C8CE853-F156-4812-BD39-4DB5D8D992F7} = {DD2CCD9D-A4D6-4AF7-AF1F-E8672A8D77DD}
		{92AD2897-BFB1-4F0E-8D6B-E89C42FA26AC} = {DD2CCD9D-A4D6-4AF7-AF1F-E8672A8D77DD}
		{A2160B13-2CBD-4562-8FE9-15012224D6CB} = {DD2CCD9D-A4D6-4AF7-AF1F-E8672A8D77DD}
		{0225F8C8-AC9E-4E9E-9561-85ACE07E5806} = {DD2CCD9D-A4D6-4AF7-AF1F-E8672A8D77DD}
		{88A2D4DE-FCA0-4F45-9085-DA2D279EF48F} = {DD2CCD9D-A4D6-4AF7-AF1F-E8672A8D77DD}
		{C2A1229C-BD04-4E96-9EA1-5C0BDE2ED9D9} = {6EBFFCEE-1DF4-47AA-A9A9-8B24573F1826}
		{5839DEC5-2AD4-4859-9D83-1FBD8F3086CC} = {6EBFFCEE-1DF4-47AA-A9A9-8B24573F1826}
		{2462D03E-66BF-4741-918D-0B8D5668101F} = {6EBFFCEE-1DF4-47AA-A9A9-8B24573F1826}
		{C1EBAEC1-2D7B-4B48-A942-E44C854B2B50} = {6EBFFCEE-1DF4-47AA-A9A9-8B24573F1826}
		{11B5BD24-9D74-4BBE-A71E-0FBB1529B71F} = {6EBFFCEE-1DF4-47AA-A9A9-8B24573F1826}
		{40C31E02-0891-4C4D-9023-E693880D8219} = {6EBFFCEE-1DF4-47AA-A9A9-8B24573F1826}
		{6FDAE37A-2A2A-4141-927E-135D182D1D4F} = {6EBFFCEE-1DF4-47AA-A9A9-8B24573F1826}
		{AAA7F999-9BAE-4953-AD56-5F9911C77B14} = {6EBFFCEE-1DF4-47AA-A9A9-8B24573F1826}
		{FCF91F4D-12E2-44FE-83E4-AE6FE74369E7} = {6F8938D3-B43F-4C6F-896E-ED9E839BC512}
		{4E48F1BB-9EA1-4E7B-94F9-72BBF727ABD0} = {98B70080-1D64-4A6E-93F9-5791EF11929C}
		{B7F44746-6CAB-442D-9C4C-0CB2C0109B58} = {98B70080-1D64-4A6E-93F9-5791EF11929C}
		{D9F3E6E7-638C-4525-A2F6-60E520BB78AF} = {98B70080-1D64-4A6E-93F9-5791EF11929C}
		{A2675160-EBDA-4047-9C86-B150DE9E85C6} = {98B70080-1D64-4A6E-93F9-5791EF11929C}
		{CA9653E8-5BFE-4A36-BDDA-4717A7ED5FD1} = {98B70080-1D64-4A6E-93F9-5791EF11929C}
		{77FAD65B-A128-403C-895E-F0345854973A} = {98B70080-1D64-4A6E-93F9-5791EF11929C}
		{F326269F-E733-49FD-9154-6784D9029C33} = {94AAF6FB-15AB-40A2-B3CD-6F002A12CF15}
		{750761D2-1CF7-4DDC-ABC0-8A4F7FB2A4F5} = {94AAF6FB-15AB-40A2-B3CD-6F002A12CF15}
		{C6F41750-E9FB-444F-9F1E-F78B8C13626E} = {94AAF6FB-15AB-40A2-B3CD-6F002A12CF15}
		{1896E463-6C4B-47BD-ADF6-63A63CE1E782} = {94AAF6FB-15AB-40A2-B3CD-6F002A12CF15}
	EndGlobalSection
	GlobalSection(ExtensibilityGlobals) = postSolution
		SolutionGuid = {F0C42738-D35D-45FC-94D7-4853D6AC54A1}
	EndGlobalSection
EndGlobal
